
Microsoft Visual Studio Solution File, Format Version 12.00
Project("{FAE04EC0-301F-11D3-BF4B-00C04F79EFBC}") = "Lab_1_task_1", "Lab_1_task_1\Lab_1_task_1.csproj", "{F357AE0B-2EEC-4058-AE54-8BC908D81B34}"
EndProject
Project("{FAE04EC0-301F-11D3-BF4B-00C04F79EFBC}") = "Lab_1_task_2", "Lab_1_task_2\Lab_1_task_2.csproj", "{B51FED6C-F7AE-4D8A-A0C0-831A708A429B}"
EndProject
Project("{FAE04EC0-301F-11D3-BF4B-00C04F79EFBC}") = "Lab_1_task_3", "Lab_1_task_3\Lab_1_task_3.csproj", "{F5104EEB-10CC-4B60-A959-DF96E82FB0B5}"
EndProject
Project("{FAE04EC0-301F-11D3-BF4B-00C04F79EFBC}") = "Lab_1_task_4", "Lab_1_task_4\Lab_1_task_4.csproj", "{0C2447FA-73FF-47F8-A7D4-052212AE9CF3}"
EndProject
Global
	GlobalSection(SolutionConfigurationPlatforms) = preSolution
		Debug|Any CPU = Debug|Any CPU
		Release|Any CPU = Release|Any CPU
	EndGlobalSection
	GlobalSection(ProjectConfigurationPlatforms) = postSolution
		{F357AE0B-2EEC-4058-AE54-8BC908D81B34}.Debug|Any CPU.ActiveCfg = Debug|Any CPU
		{F357AE0B-2EEC-4058-AE54-8BC908D81B34}.Debug|Any CPU.Build.0 = Debug|Any CPU
		{F357AE0B-2EEC-4058-AE54-8BC908D81B34}.Release|Any CPU.ActiveCfg = Release|Any CPU
		{F357AE0B-2EEC-4058-AE54-8BC908D81B34}.Release|Any CPU.Build.0 = Release|Any CPU
		{B51FED6C-F7AE-4D8A-A0C0-831A708A429B}.Debug|Any CPU.ActiveCfg = Debug|Any CPU
		{B51FED6C-F7AE-4D8A-A0C0-831A708A429B}.Debug|Any CPU.Build.0 = Debug|Any CPU
		{B51FED6C-F7AE-4D8A-A0C0-831A708A429B}.Release|Any CPU.ActiveCfg = Release|Any CPU
		{B51FED6C-F7AE-4D8A-A0C0-831A708A429B}.Release|Any CPU.Build.0 = Release|Any CPU
		{F5104EEB-10CC-4B60-A959-DF96E82FB0B5}.Debug|Any CPU.ActiveCfg = Debug|Any CPU
		{F5104EEB-10CC-4B60-A959-DF96E82FB0B5}.Debug|Any CPU.Build.0 = Debug|Any CPU
		{F5104EEB-10CC-4B60-A959-DF96E82FB0B5}.Release|Any CPU.ActiveCfg = Release|Any CPU
		{F5104EEB-10CC-4B60-A959-DF96E82FB0B5}.Release|Any CPU.Build.0 = Release|Any CPU
		{0C2447FA-73FF-47F8-A7D4-052212AE9CF3}.Debug|Any CPU.ActiveCfg = Debug|Any CPU
		{0C2447FA-73FF-47F8-A7D4-052212AE9CF3}.Debug|Any CPU.Build.0 = Debug|Any CPU
		{0C2447FA-73FF-47F8-A7D4-052212AE9CF3}.Release|Any CPU.ActiveCfg = Release|Any CPU
		{0C2447FA-73FF-47F8-A7D4-052212AE9CF3}.Release|Any CPU.Build.0 = Release|Any CPU
	EndGlobalSection
EndGlobal
